
Microsoft Visual Studio Solution File, Format Version 12.00
# Visual Studio Version 17
VisualStudioVersion = 17.14.36121.58 d17.14
MinimumVisualStudioVersion = 10.0.40219.1
Project("{8BC9CEB8-8B4A-11D0-8D11-00A0C91BC942}") = "DataSturctureProject1.5", "DataSturctureProject1.5.vcxproj", "{B059DA20-D069-44FB-8157-B7FAC6527528}"
EndProject
Global
	GlobalSection(SolutionConfigurationPlatforms) = preSolution
		Debug|x64 = Debug|x64
		Debug|x86 = Debug|x86
		Release|x64 = Release|x64
		Release|x86 = Release|x86
	EndGlobalSection
	GlobalSection(ProjectConfigurationPlatforms) = postSolution
		{B059DA20-D069-44FB-8157-B7FAC6527528}.Debug|x64.ActiveCfg = Debug|x64
		{B059DA20-D069-44FB-8157-B7FAC6527528}.Debug|x64.Build.0 = Debug|x64
		{B059DA20-D069-44FB-8157-B7FAC6527528}.Debug|x86.ActiveCfg = Debug|Win32
		{B059DA20-D069-44FB-8157-B7FAC6527528}.Debug|x86.Build.0 = Debug|Win32
		{B059DA20-D069-44FB-8157-B7FAC6527528}.Release|x64.ActiveCfg = Release|x64
		{B059DA20-D069-44FB-8157-B7FAC6527528}.Release|x64.Build.0 = Release|x64
		{B059DA20-D069-44FB-8157-B7FAC6527528}.Release|x86.ActiveCfg = Release|Win32
		{B059DA20-D069-44FB-8157-B7FAC6527528}.Release|x86.Build.0 = Release|Win32
	EndGlobalSection
	GlobalSection(SolutionProperties) = preSolution
		HideSolutionNode = FALSE
	EndGlobalSection
	GlobalSection(ExtensibilityGlobals) = postSolution
		SolutionGuid = {4A21B44E-69EE-439F-9DFC-55C6ABF88C4F}
	EndGlobalSection
EndGlobal
