Microsoft Visual Studio Solution File, Format Version 12.00
# Visual Studio Version 17
VisualStudioVersion = 17.13.35919.96
MinimumVisualStudioVersion = 10.0.40219.1
Project("{8BC9CEB8-8B4A-11D0-8D11-00A0C91BC942}") = "Project2.2", "Project2.2\Project2.2.vcxproj", "{ABE40A77-F7F8-4654-A3F0-76763098A002}"
EndProject
Global
	GlobalSection(SolutionConfigurationPlatforms) = preSolution
		Debug|x64 = Debug|x64
		Debug|x86 = Debug|x86
		Release|x64 = Release|x64
		Release|x86 = Release|x86
	EndGlobalSection
	GlobalSection(ProjectConfigurationPlatforms) = postSolution
		{ABE40A77-F7F8-4654-A3F0-76763098A002}.Debug|x64.ActiveCfg = Debug|x64
		{ABE40A77-F7F8-4654-A3F0-76763098A002}.Debug|x64.Build.0 = Debug|x64
		{ABE40A77-F7F8-4654-A3F0-76763098A002}.Debug|x86.ActiveCfg = Debug|Win32
		{ABE40A77-F7F8-4654-A3F0-76763098A002}.Debug|x86.Build.0 = Debug|Win32
		{ABE40A77-F7F8-4654-A3F0-76763098A002}.Release|x64.ActiveCfg = Release|x64
		{ABE40A77-F7F8-4654-A3F0-76763098A002}.Release|x64.Build.0 = Release|x64
		{ABE40A77-F7F8-4654-A3F0-76763098A002}.Release|x86.ActiveCfg = Release|Win32
		{ABE40A77-F7F8-4654-A3F0-76763098A002}.Release|x86.Build.0 = Release|Win32
	EndGlobalSection
	GlobalSection(SolutionProperties) = preSolution
		HideSolutionNode = FALSE
	EndGlobalSection
	GlobalSection(ExtensibilityGlobals) = postSolution
		SolutionGuid = {283FEA5B-938B-4426-9CDB-B862FE9A1235}
	EndGlobalSection
EndGlobal
